
Microsoft Visual Studio Solution File, Format Version 12.00
# Visual Studio Version 16
VisualStudioVersion = 16.0.29806.167
MinimumVisualStudioVersion = 10.0.40219.1
Project("{9A19103F-16F7-4668-BE54-9A1E7A4F7556}") = "LiveScoresFeed", "Feeds\LiveScoresFeed\LiveScoresFeed.csproj", "{E52D293C-F447-45DC-9450-ED2D8C4EAC2A}"
EndProject
Project("{2150E333-8FDC-42A3-9474-1A3956D46DE8}") = "Services", "Services", "{4FE4FDC2-55F3-4511-B3A8-69CDE9C41B95}"
EndProject
Project("{FAE04EC0-301F-11D3-BF4B-00C04F79EFBC}") = "QueueService", "QueueService\QueueService.csproj", "{56A75FC6-DF4C-47F9-AE70-B25057C18607}"
EndProject
Project("{2150E333-8FDC-42A3-9474-1A3956D46DE8}") = "Feeds", "Feeds", "{BFB289A0-8571-4A4E-B200-0F275DD8CB62}"
EndProject
Project("{FAE04EC0-301F-11D3-BF4B-00C04F79EFBC}") = "DBService", "DBService\DBService.csproj", "{8ED0623D-CFCE-4C76-ACDC-B705565590D9}"
EndProject
Project("{2150E333-8FDC-42A3-9474-1A3956D46DE8}") = "Testers", "Testers", "{0E5D4D79-E517-400E-8D9C-E347C31638BD}"
EndProject
Project("{FAE04EC0-301F-11D3-BF4B-00C04F79EFBC}") = "LiveScoresTester", "Testers\LiveScoresTester\LiveScoresTester.csproj", "{3C9F1AA0-0EB4-4281-9E7F-2A80C7E9B1E8}"
EndProject
Project("{FAE04EC0-301F-11D3-BF4B-00C04F79EFBC}") = "Common", "Common\Common.csproj", "{1BA8F129-D1A8-4689-A658-D287C18A1DCC}"
EndProject
Project("{9A19103F-16F7-4668-BE54-9A1E7A4F7556}") = "RepositorySync", "RepositorySync\RepositorySync.csproj", "{74BB66B4-A9CB-4BC2-B02B-C92ACC276D3A}"
EndProject
Project("{FAE04EC0-301F-11D3-BF4B-00C04F79EFBC}") = "SearchIndexService", "SearchIndexService\SearchIndexService.csproj", "{98BDCC0E-7C77-49A4-A123-7D2FA1615F30}"
EndProject
Project("{A07B5EB6-E848-4116-A8D0-A826331D98C6}") = "ScoresApp", "ScoresApp\ScoresApp.sfproj", "{2179EF0E-1954-4020-943D-4D71D42C7CDC}"
EndProject
Project("{9A19103F-16F7-4668-BE54-9A1E7A4F7556}") = "ScoresAPIService", "ScoresAPIService\ScoresAPIService.csproj", "{F74541D6-9C5F-4772-9F2C-4AA0101FC388}"
EndProject
Project("{2150E333-8FDC-42A3-9474-1A3956D46DE8}") = "Documents", "Documents", "{FABB9BB1-9D26-4BBF-8308-F1E5FD61607F}"
	ProjectSection(SolutionItems) = preProject
		Documents\Readme.txt = Documents\Readme.txt
		Documents\ScoreApi.pptx = Documents\ScoreApi.pptx
	EndProjectSection
EndProject
Global
	GlobalSection(SolutionConfigurationPlatforms) = preSolution
		Debug|Any CPU = Debug|Any CPU
		Debug|x64 = Debug|x64
		Release|Any CPU = Release|Any CPU
		Release|x64 = Release|x64
	EndGlobalSection
	GlobalSection(ProjectConfigurationPlatforms) = postSolution
		{E52D293C-F447-45DC-9450-ED2D8C4EAC2A}.Debug|Any CPU.ActiveCfg = Debug|Any CPU
		{E52D293C-F447-45DC-9450-ED2D8C4EAC2A}.Debug|Any CPU.Build.0 = Debug|Any CPU
		{E52D293C-F447-45DC-9450-ED2D8C4EAC2A}.Debug|x64.ActiveCfg = Debug|Any CPU
		{E52D293C-F447-45DC-9450-ED2D8C4EAC2A}.Debug|x64.Build.0 = Debug|Any CPU
		{E52D293C-F447-45DC-9450-ED2D8C4EAC2A}.Release|Any CPU.ActiveCfg = Release|Any CPU
		{E52D293C-F447-45DC-9450-ED2D8C4EAC2A}.Release|Any CPU.Build.0 = Release|Any CPU
		{E52D293C-F447-45DC-9450-ED2D8C4EAC2A}.Release|x64.ActiveCfg = Release|Any CPU
		{E52D293C-F447-45DC-9450-ED2D8C4EAC2A}.Release|x64.Build.0 = Release|Any CPU
		{56A75FC6-DF4C-47F9-AE70-B25057C18607}.Debug|Any CPU.ActiveCfg = Debug|Any CPU
		{56A75FC6-DF4C-47F9-AE70-B25057C18607}.Debug|Any CPU.Build.0 = Debug|Any CPU
		{56A75FC6-DF4C-47F9-AE70-B25057C18607}.Debug|x64.ActiveCfg = Debug|Any CPU
		{56A75FC6-DF4C-47F9-AE70-B25057C18607}.Debug|x64.Build.0 = Debug|Any CPU
		{56A75FC6-DF4C-47F9-AE70-B25057C18607}.Release|Any CPU.ActiveCfg = Release|Any CPU
		{56A75FC6-DF4C-47F9-AE70-B25057C18607}.Release|Any CPU.Build.0 = Release|Any CPU
		{56A75FC6-DF4C-47F9-AE70-B25057C18607}.Release|x64.ActiveCfg = Release|Any CPU
		{56A75FC6-DF4C-47F9-AE70-B25057C18607}.Release|x64.Build.0 = Release|Any CPU
		{8ED0623D-CFCE-4C76-ACDC-B705565590D9}.Debug|Any CPU.ActiveCfg = Debug|Any CPU
		{8ED0623D-CFCE-4C76-ACDC-B705565590D9}.Debug|Any CPU.Build.0 = Debug|Any CPU
		{8ED0623D-CFCE-4C76-ACDC-B705565590D9}.Debug|x64.ActiveCfg = Debug|Any CPU
		{8ED0623D-CFCE-4C76-ACDC-B705565590D9}.Debug|x64.Build.0 = Debug|Any CPU
		{8ED0623D-CFCE-4C76-ACDC-B705565590D9}.Release|Any CPU.ActiveCfg = Release|Any CPU
		{8ED0623D-CFCE-4C76-ACDC-B705565590D9}.Release|Any CPU.Build.0 = Release|Any CPU
		{8ED0623D-CFCE-4C76-ACDC-B705565590D9}.Release|x64.ActiveCfg = Release|Any CPU
		{8ED0623D-CFCE-4C76-ACDC-B705565590D9}.Release|x64.Build.0 = Release|Any CPU
		{3C9F1AA0-0EB4-4281-9E7F-2A80C7E9B1E8}.Debug|Any CPU.ActiveCfg = Debug|Any CPU
		{3C9F1AA0-0EB4-4281-9E7F-2A80C7E9B1E8}.Debug|Any CPU.Build.0 = Debug|Any CPU
		{3C9F1AA0-0EB4-4281-9E7F-2A80C7E9B1E8}.Debug|x64.ActiveCfg = Debug|Any CPU
		{3C9F1AA0-0EB4-4281-9E7F-2A80C7E9B1E8}.Debug|x64.Build.0 = Debug|Any CPU
		{3C9F1AA0-0EB4-4281-9E7F-2A80C7E9B1E8}.Release|Any CPU.ActiveCfg = Release|Any CPU
		{3C9F1AA0-0EB4-4281-9E7F-2A80C7E9B1E8}.Release|Any CPU.Build.0 = Release|Any CPU
		{3C9F1AA0-0EB4-4281-9E7F-2A80C7E9B1E8}.Release|x64.ActiveCfg = Release|Any CPU
		{3C9F1AA0-0EB4-4281-9E7F-2A80C7E9B1E8}.Release|x64.Build.0 = Release|Any CPU
		{1BA8F129-D1A8-4689-A658-D287C18A1DCC}.Debug|Any CPU.ActiveCfg = Debug|Any CPU
		{1BA8F129-D1A8-4689-A658-D287C18A1DCC}.Debug|Any CPU.Build.0 = Debug|Any CPU
		{1BA8F129-D1A8-4689-A658-D287C18A1DCC}.Debug|x64.ActiveCfg = Debug|Any CPU
		{1BA8F129-D1A8-4689-A658-D287C18A1DCC}.Debug|x64.Build.0 = Debug|Any CPU
		{1BA8F129-D1A8-4689-A658-D287C18A1DCC}.Release|Any CPU.ActiveCfg = Release|Any CPU
		{1BA8F129-D1A8-4689-A658-D287C18A1DCC}.Release|Any CPU.Build.0 = Release|Any CPU
		{1BA8F129-D1A8-4689-A658-D287C18A1DCC}.Release|x64.ActiveCfg = Release|Any CPU
		{1BA8F129-D1A8-4689-A658-D287C18A1DCC}.Release|x64.Build.0 = Release|Any CPU
		{74BB66B4-A9CB-4BC2-B02B-C92ACC276D3A}.Debug|Any CPU.ActiveCfg = Debug|Any CPU
		{74BB66B4-A9CB-4BC2-B02B-C92ACC276D3A}.Debug|Any CPU.Build.0 = Debug|Any CPU
		{74BB66B4-A9CB-4BC2-B02B-C92ACC276D3A}.Debug|x64.ActiveCfg = Debug|Any CPU
		{74BB66B4-A9CB-4BC2-B02B-C92ACC276D3A}.Debug|x64.Build.0 = Debug|Any CPU
		{74BB66B4-A9CB-4BC2-B02B-C92ACC276D3A}.Release|Any CPU.ActiveCfg = Release|Any CPU
		{74BB66B4-A9CB-4BC2-B02B-C92ACC276D3A}.Release|Any CPU.Build.0 = Release|Any CPU
		{74BB66B4-A9CB-4BC2-B02B-C92ACC276D3A}.Release|x64.ActiveCfg = Release|Any CPU
		{74BB66B4-A9CB-4BC2-B02B-C92ACC276D3A}.Release|x64.Build.0 = Release|Any CPU
		{98BDCC0E-7C77-49A4-A123-7D2FA1615F30}.Debug|Any CPU.ActiveCfg = Debug|Any CPU
		{98BDCC0E-7C77-49A4-A123-7D2FA1615F30}.Debug|Any CPU.Build.0 = Debug|Any CPU
		{98BDCC0E-7C77-49A4-A123-7D2FA1615F30}.Debug|x64.ActiveCfg = Debug|Any CPU
		{98BDCC0E-7C77-49A4-A123-7D2FA1615F30}.Debug|x64.Build.0 = Debug|Any CPU
		{98BDCC0E-7C77-49A4-A123-7D2FA1615F30}.Release|Any CPU.ActiveCfg = Release|Any CPU
		{98BDCC0E-7C77-49A4-A123-7D2FA1615F30}.Release|Any CPU.Build.0 = Release|Any CPU
		{98BDCC0E-7C77-49A4-A123-7D2FA1615F30}.Release|x64.ActiveCfg = Release|Any CPU
		{98BDCC0E-7C77-49A4-A123-7D2FA1615F30}.Release|x64.Build.0 = Release|Any CPU
		{2179EF0E-1954-4020-943D-4D71D42C7CDC}.Debug|Any CPU.ActiveCfg = Debug|x64
		{2179EF0E-1954-4020-943D-4D71D42C7CDC}.Debug|x64.ActiveCfg = Debug|x64
		{2179EF0E-1954-4020-943D-4D71D42C7CDC}.Debug|x64.Build.0 = Debug|x64
		{2179EF0E-1954-4020-943D-4D71D42C7CDC}.Debug|x64.Deploy.0 = Debug|x64
		{2179EF0E-1954-4020-943D-4D71D42C7CDC}.Release|Any CPU.ActiveCfg = Release|x64
		{2179EF0E-1954-4020-943D-4D71D42C7CDC}.Release|x64.ActiveCfg = Release|x64
		{2179EF0E-1954-4020-943D-4D71D42C7CDC}.Release|x64.Build.0 = Release|x64
		{2179EF0E-1954-4020-943D-4D71D42C7CDC}.Release|x64.Deploy.0 = Release|x64
		{F74541D6-9C5F-4772-9F2C-4AA0101FC388}.Debug|Any CPU.ActiveCfg = Debug|Any CPU
		{F74541D6-9C5F-4772-9F2C-4AA0101FC388}.Debug|Any CPU.Build.0 = Debug|Any CPU
		{F74541D6-9C5F-4772-9F2C-4AA0101FC388}.Debug|x64.ActiveCfg = Debug|Any CPU
		{F74541D6-9C5F-4772-9F2C-4AA0101FC388}.Debug|x64.Build.0 = Debug|Any CPU
		{F74541D6-9C5F-4772-9F2C-4AA0101FC388}.Release|Any CPU.ActiveCfg = Release|Any CPU
		{F74541D6-9C5F-4772-9F2C-4AA0101FC388}.Release|Any CPU.Build.0 = Release|Any CPU
		{F74541D6-9C5F-4772-9F2C-4AA0101FC388}.Release|x64.ActiveCfg = Release|Any CPU
		{F74541D6-9C5F-4772-9F2C-4AA0101FC388}.Release|x64.Build.0 = Release|Any CPU
	EndGlobalSection
	GlobalSection(SolutionProperties) = preSolution
		HideSolutionNode = FALSE
	EndGlobalSection
	GlobalSection(NestedProjects) = preSolution
		{E52D293C-F447-45DC-9450-ED2D8C4EAC2A} = {BFB289A0-8571-4A4E-B200-0F275DD8CB62}
		{56A75FC6-DF4C-47F9-AE70-B25057C18607} = {4FE4FDC2-55F3-4511-B3A8-69CDE9C41B95}
		{8ED0623D-CFCE-4C76-ACDC-B705565590D9} = {4FE4FDC2-55F3-4511-B3A8-69CDE9C41B95}
		{3C9F1AA0-0EB4-4281-9E7F-2A80C7E9B1E8} = {0E5D4D79-E517-400E-8D9C-E347C31638BD}
		{98BDCC0E-7C77-49A4-A123-7D2FA1615F30} = {4FE4FDC2-55F3-4511-B3A8-69CDE9C41B95}
	EndGlobalSection
	GlobalSection(ExtensibilityGlobals) = postSolution
		SolutionGuid = {69DEEC5A-612C-43F1-9094-0F4B48E1225F}
	EndGlobalSection
EndGlobal
